PODS:
  - Eureka (5.3.3)
  - XLActionController (5.1.0):
    - XLActionController/Core (= 5.1.0)
  - XLActionController/Core (5.1.0)

DEPENDENCIES:
  - Eureka
  - XLActionController

SPEC REPOS:
  trunk:
    - Eureka
    - XLActionController

SPEC CHECKSUMS:
  Eureka: e6d720290c56bb23333ad1a0e020b2a98a0e9a43
  XLActionController: 24140d835ab9e260270711afebc5efabebe9d392

PODFILE CHECKSUM: 1c26e83c4e68aaeb4d532a440a7a96138b0118a1

COCOAPODS: 1.10.1
