PODS:
  - Eureka (5.3.0)
  - XLActionController (5.0.2):
    - XLActionController/Core (= 5.0.2)
  - XLActionController/Core (5.0.2)

DEPENDENCIES:
  - Eureka
  - XLActionController

SPEC REPOS:
  trunk:
    - Eureka
    - XLActionController

SPEC CHECKSUMS:
  Eureka: 49239596c9d2eed9ab523990c34de62b6feac9f0
  XLActionController: f1f2226d2c6629db197d4a41f2da907085a4cb9d

PODFILE CHECKSUM: 4723f56028c819fef9274c8175d4a2af1d39bec9

COCOAPODS: 1.9.3
