// !$*UTF8*$!
{
	archiveVersion = 1;
	classes = {
	};
	objectVersion = 46;
	objects = {

/* Begin PBXBuildFile section */
		430FD8D41E7C8738002A23F0 /* UIViewControllerExtension.swift in Sources */ = {isa = PBXBuildFile; fileRef = 430FD8D31E7C8738002A23F0 /* UIViewControllerExtension.swift */; };
		43119B811C382A0E00DD6D35 /* AppConstants.swift in Sources */ = {isa = PBXBuildFile; fileRef = 43794F411C2F435A00DB8B58 /* AppConstants.swift */; };
		43119B831C382BBB00DD6D35 /* UserDefaultsRepository.swift in Sources */ = {isa = PBXBuildFile; fileRef = 43794F4E1C343B9800DB8B58 /* UserDefaultsRepository.swift */; };
		43119B881C383CF500DD6D35 /* UIColorChanger.swift in Sources */ = {isa = PBXBuildFile; fileRef = 43119B861C383CF500DD6D35 /* UIColorChanger.swift */; };
		43119B891C38404200DD6D35 /* NightscoutDataRepository.swift in Sources */ = {isa = PBXBuildFile; fileRef = 43794F451C303E4200DB8B58 /* NightscoutDataRepository.swift */; };
		43119B8D1C3885A700DD6D35 /* ChartPainter.swift in Sources */ = {isa = PBXBuildFile; fileRef = 439C39171C0E002F00D89872 /* ChartPainter.swift */; };
		43119B941C3AAE6600DD6D35 /* UIColorChanger.swift in Sources */ = {isa = PBXBuildFile; fileRef = 43119B861C383CF500DD6D35 /* UIColorChanger.swift */; };
		43288A681D1B359D00EE3999 /* StringExtension.swift in Sources */ = {isa = PBXBuildFile; fileRef = 432E62EE1D17359600DD7978 /* StringExtension.swift */; };
		43288A6A1D1C68D400EE3999 /* StatsViewController.swift in Sources */ = {isa = PBXBuildFile; fileRef = 43288A691D1C68D400EE3999 /* StatsViewController.swift */; };
		43288A6C1D1C893200EE3999 /* TabBarController.swift in Sources */ = {isa = PBXBuildFile; fileRef = 43288A6B1D1C893200EE3999 /* TabBarController.swift */; };
		43288A701D20284600EE3999 /* DoubleExtension.swift in Sources */ = {isa = PBXBuildFile; fileRef = 43288A6F1D20284600EE3999 /* DoubleExtension.swift */; };
		43288A711D2028CC00EE3999 /* DoubleExtension.swift in Sources */ = {isa = PBXBuildFile; fileRef = 43288A6F1D20284600EE3999 /* DoubleExtension.swift */; };
		432E62D71D0CC35100DD7978 /* NightscoutService.swift in Sources */ = {isa = PBXBuildFile; fileRef = 43F1E1101D076C1C00C329A2 /* NightscoutService.swift */; };
		432E62D81D0CC38C00DD7978 /* NightscoutData.swift in Sources */ = {isa = PBXBuildFile; fileRef = 43F1E0FA1D07698000C329A2 /* NightscoutData.swift */; };
		432E62D91D0CC3AC00DD7978 /* BloodSugar.swift in Sources */ = {isa = PBXBuildFile; fileRef = 43F1E0EC1D07693300C329A2 /* BloodSugar.swift */; };
		432E62DA1D0CC3DE00DD7978 /* TimeService.swift in Sources */ = {isa = PBXBuildFile; fileRef = 43F1E11A1D076D9700C329A2 /* TimeService.swift */; };
		432E62DC1D0CC4A900DD7978 /* GuiStateRepository.swift in Sources */ = {isa = PBXBuildFile; fileRef = 43F1E0F61D07698000C329A2 /* GuiStateRepository.swift */; };
		432E62DF1D10ACD200DD7978 /* Units.swift in Sources */ = {isa = PBXBuildFile; fileRef = 432E62DE1D10ACD200DD7978 /* Units.swift */; };
		432E62E01D10AF3800DD7978 /* Units.swift in Sources */ = {isa = PBXBuildFile; fileRef = 432E62DE1D10ACD200DD7978 /* Units.swift */; };
		432E62E11D10AF3900DD7978 /* Units.swift in Sources */ = {isa = PBXBuildFile; fileRef = 432E62DE1D10ACD200DD7978 /* Units.swift */; };
		432E62E71D11F61500DD7978 /* UserDefaultsRepositoryTest.swift in Sources */ = {isa = PBXBuildFile; fileRef = 432E62E61D11F61500DD7978 /* UserDefaultsRepositoryTest.swift */; };
		432E62E91D143CF900DD7978 /* UnitsConverter.swift in Sources */ = {isa = PBXBuildFile; fileRef = 432E62E81D143CF900DD7978 /* UnitsConverter.swift */; };
		432E62EB1D15EFC600DD7978 /* FloatExtension.swift in Sources */ = {isa = PBXBuildFile; fileRef = 432E62EA1D15EFC600DD7978 /* FloatExtension.swift */; };
		432E62EC1D15EFEC00DD7978 /* FloatExtension.swift in Sources */ = {isa = PBXBuildFile; fileRef = 432E62EA1D15EFC600DD7978 /* FloatExtension.swift */; };
		432E62ED1D15EFF100DD7978 /* FloatExtension.swift in Sources */ = {isa = PBXBuildFile; fileRef = 432E62EA1D15EFC600DD7978 /* FloatExtension.swift */; };
		432E62EF1D17359600DD7978 /* StringExtension.swift in Sources */ = {isa = PBXBuildFile; fileRef = 432E62EE1D17359600DD7978 /* StringExtension.swift */; };
		432E62F01D188A2400DD7978 /* UnitsConverter.swift in Sources */ = {isa = PBXBuildFile; fileRef = 432E62E81D143CF900DD7978 /* UnitsConverter.swift */; };
		432E62F11D188A2A00DD7978 /* UnitsConverter.swift in Sources */ = {isa = PBXBuildFile; fileRef = 432E62E81D143CF900DD7978 /* UnitsConverter.swift */; };
		433AD0171CCE3E89001A76CD /* NightscoutServiceTest.swift in Sources */ = {isa = PBXBuildFile; fileRef = 433AD0161CCE3E89001A76CD /* NightscoutServiceTest.swift */; };
		433AD0181CCE3FCB001A76CD /* UserDefaultsRepository.swift in Sources */ = {isa = PBXBuildFile; fileRef = 43794F4E1C343B9800DB8B58 /* UserDefaultsRepository.swift */; };
		4346F9841D0773F700487541 /* TimeService.swift in Sources */ = {isa = PBXBuildFile; fileRef = 43F1E11A1D076D9700C329A2 /* TimeService.swift */; };
		4351E6AE1D2ADFBE001E4AE4 /* StatsPrefsViewController.swift in Sources */ = {isa = PBXBuildFile; fileRef = 4351E6AD1D2ADFBE001E4AE4 /* StatsPrefsViewController.swift */; };
		4351E6B01D2EFA8C001E4AE4 /* StatisticsRepository.swift in Sources */ = {isa = PBXBuildFile; fileRef = 4351E6AF1D2EFA8C001E4AE4 /* StatisticsRepository.swift */; };
		4351E6B21D2EFDFE001E4AE4 /* TimeServiceTest.swift in Sources */ = {isa = PBXBuildFile; fileRef = 4351E6B11D2EFDFE001E4AE4 /* TimeServiceTest.swift */; };
		43647BD31BFF6435004389F9 /* Main.storyboard in Resources */ = {isa = PBXBuildFile; fileRef = 43647BD11BFF6435004389F9 /* Main.storyboard */; };
		43647BD81BFF6435004389F9 /* LaunchScreen.storyboard in Resources */ = {isa = PBXBuildFile; fileRef = 43647BD61BFF6435004389F9 /* LaunchScreen.storyboard */; };
		43647BEE1BFF6435004389F9 /* scoutwatchUITests.swift in Sources */ = {isa = PBXBuildFile; fileRef = 43647BED1BFF6435004389F9 /* scoutwatchUITests.swift */; };
		43647BF31BFF6435004389F9 /* nightguard.app in Embed Watch Content */ = {isa = PBXBuildFile; fileRef = 43647BF21BFF6435004389F9 /* nightguard.app */; };
		43647BF91BFF6435004389F9 /* Interface.storyboard in Resources */ = {isa = PBXBuildFile; fileRef = 43647BF71BFF6435004389F9 /* Interface.storyboard */; };
		43647C021BFF6435004389F9 /* nightguard.appex in Embed App Extensions */ = {isa = PBXBuildFile; fileRef = 43647C011BFF6435004389F9 /* nightguard.appex */; settings = {ATTRIBUTES = (RemoveHeadersOnCopy, ); }; };
		43647C091BFF6435004389F9 /* InterfaceController.swift in Sources */ = {isa = PBXBuildFile; fileRef = 43647C081BFF6435004389F9 /* InterfaceController.swift */; };
		43647C0B1BFF6435004389F9 /* ExtensionDelegate.swift in Sources */ = {isa = PBXBuildFile; fileRef = 43647C0A1BFF6435004389F9 /* ExtensionDelegate.swift */; };
		43647C0D1BFF6435004389F9 /* NotificationController.swift in Sources */ = {isa = PBXBuildFile; fileRef = 43647C0C1BFF6435004389F9 /* NotificationController.swift */; };
		43647C0F1BFF6435004389F9 /* ComplicationController.swift in Sources */ = {isa = PBXBuildFile; fileRef = 43647C0E1BFF6435004389F9 /* ComplicationController.swift */; };
		43794F421C2F435A00DB8B58 /* AppConstants.swift in Sources */ = {isa = PBXBuildFile; fileRef = 43794F411C2F435A00DB8B58 /* AppConstants.swift */; };
		43794F461C303E4200DB8B58 /* NightscoutDataRepository.swift in Sources */ = {isa = PBXBuildFile; fileRef = 43794F451C303E4200DB8B58 /* NightscoutDataRepository.swift */; };
		43794F481C30482500DB8B58 /* DataRepositoryTest.swift in Sources */ = {isa = PBXBuildFile; fileRef = 43794F471C30482500DB8B58 /* DataRepositoryTest.swift */; };
		43794F491C30489C00DB8B58 /* NightscoutDataRepository.swift in Sources */ = {isa = PBXBuildFile; fileRef = 43794F451C303E4200DB8B58 /* NightscoutDataRepository.swift */; };
		43794F4B1C3049B300DB8B58 /* AppConstants.swift in Sources */ = {isa = PBXBuildFile; fileRef = 43794F411C2F435A00DB8B58 /* AppConstants.swift */; };
		43794F4D1C34248500DB8B58 /* InfoInterfaceController.swift in Sources */ = {isa = PBXBuildFile; fileRef = 43794F4C1C34248500DB8B58 /* InfoInterfaceController.swift */; };
		43794F4F1C343B9800DB8B58 /* UserDefaultsRepository.swift in Sources */ = {isa = PBXBuildFile; fileRef = 43794F4E1C343B9800DB8B58 /* UserDefaultsRepository.swift */; };
		438066FB1D21B2000021B618 /* WatchMessageService.swift in Sources */ = {isa = PBXBuildFile; fileRef = 438066FA1D21B2000021B618 /* WatchMessageService.swift */; };
		438066FE1D21C2350021B618 /* AppMessageService.swift in Sources */ = {isa = PBXBuildFile; fileRef = 438066FD1D21C2350021B618 /* AppMessageService.swift */; };
		439BADF81C24C315006BEADB /* Media.xcassets in Resources */ = {isa = PBXBuildFile; fileRef = 439BADF71C24C315006BEADB /* Media.xcassets */; };
		439C39181C0E002F00D89872 /* ChartPainter.swift in Sources */ = {isa = PBXBuildFile; fileRef = 439C39171C0E002F00D89872 /* ChartPainter.swift */; };
		439C39191C0E28DD00D89872 /* ChartPainter.swift in Sources */ = {isa = PBXBuildFile; fileRef = 439C39171C0E002F00D89872 /* ChartPainter.swift */; };
		439C391B1C0E295C00D89872 /* ChartPainterTest.swift in Sources */ = {isa = PBXBuildFile; fileRef = 439C391A1C0E295C00D89872 /* ChartPainterTest.swift */; };
		43BF690F1C72698000A36D61 /* GuiStateRepositoryTest.swift in Sources */ = {isa = PBXBuildFile; fileRef = 43BF690E1C72698000A36D61 /* GuiStateRepositoryTest.swift */; };
		43D213641C2214D60046C52D /* Assets.xcassets in Resources */ = {isa = PBXBuildFile; fileRef = 43D213631C2214D60046C52D /* Assets.xcassets */; };
		43E89E571E659102005B0A65 /* ChartScene.swift in Sources */ = {isa = PBXBuildFile; fileRef = 43E89E561E659102005B0A65 /* ChartScene.swift */; };
		43E89E5C1E6A1D72005B0A65 /* ChartScene.swift in Sources */ = {isa = PBXBuildFile; fileRef = 43E89E561E659102005B0A65 /* ChartScene.swift */; };
		43F1E0EA1D0768EF00C329A2 /* WatchService.swift in Sources */ = {isa = PBXBuildFile; fileRef = 43F1E0E91D0768EF00C329A2 /* WatchService.swift */; };
		43F1E0EE1D07693300C329A2 /* AlarmRule.swift in Sources */ = {isa = PBXBuildFile; fileRef = 43F1E0EB1D07693300C329A2 /* AlarmRule.swift */; };
		43F1E0EF1D07693300C329A2 /* BloodSugar.swift in Sources */ = {isa = PBXBuildFile; fileRef = 43F1E0EC1D07693300C329A2 /* BloodSugar.swift */; };
		43F1E0FE1D07698000C329A2 /* alarm.mp3 in Resources */ = {isa = PBXBuildFile; fileRef = 43F1E0F11D07698000C329A2 /* alarm.mp3 */; };
		43F1E0FF1D07698000C329A2 /* AlarmSound.swift in Sources */ = {isa = PBXBuildFile; fileRef = 43F1E0F21D07698000C329A2 /* AlarmSound.swift */; };
		43F1E1001D07698000C329A2 /* AlarmViewController.swift in Sources */ = {isa = PBXBuildFile; fileRef = 43F1E0F31D07698000C329A2 /* AlarmViewController.swift */; };
		43F1E1011D07698000C329A2 /* AppDelegate.swift in Sources */ = {isa = PBXBuildFile; fileRef = 43F1E0F41D07698000C329A2 /* AppDelegate.swift */; };
		43F1E1021D07698000C329A2 /* BgDataHolder.swift in Sources */ = {isa = PBXBuildFile; fileRef = 43F1E0F51D07698000C329A2 /* BgDataHolder.swift */; };
		43F1E1031D07698000C329A2 /* GuiStateRepository.swift in Sources */ = {isa = PBXBuildFile; fileRef = 43F1E0F61D07698000C329A2 /* GuiStateRepository.swift */; };
		43F1E1051D07698000C329A2 /* MainViewController.swift in Sources */ = {isa = PBXBuildFile; fileRef = 43F1E0F81D07698000C329A2 /* MainViewController.swift */; };
		43F1E1061D07698000C329A2 /* Media.xcassets in Resources */ = {isa = PBXBuildFile; fileRef = 43F1E0F91D07698000C329A2 /* Media.xcassets */; };
		43F1E1071D07698000C329A2 /* NightscoutData.swift in Sources */ = {isa = PBXBuildFile; fileRef = 43F1E0FA1D07698000C329A2 /* NightscoutData.swift */; };
		43F1E1081D07698000C329A2 /* PrefsViewController.swift in Sources */ = {isa = PBXBuildFile; fileRef = 43F1E0FB1D07698000C329A2 /* PrefsViewController.swift */; };
		43F1E1091D07698000C329A2 /* scoutwatch.entitlements in Resources */ = {isa = PBXBuildFile; fileRef = 43F1E0FC1D07698000C329A2 /* scoutwatch.entitlements */; };
		43F1E10B1D076B1D00C329A2 /* BloodSugar.swift in Sources */ = {isa = PBXBuildFile; fileRef = 43F1E0EC1D07693300C329A2 /* BloodSugar.swift */; };
		43F1E10C1D076B4100C329A2 /* NightscoutData.swift in Sources */ = {isa = PBXBuildFile; fileRef = 43F1E0FA1D07698000C329A2 /* NightscoutData.swift */; };
		43F1E1111D076C1C00C329A2 /* NightscoutService.swift in Sources */ = {isa = PBXBuildFile; fileRef = 43F1E1101D076C1C00C329A2 /* NightscoutService.swift */; };
		43F1E1121D076C4500C329A2 /* NightscoutService.swift in Sources */ = {isa = PBXBuildFile; fileRef = 43F1E1101D076C1C00C329A2 /* NightscoutService.swift */; };
		43F1E1141D076CE200C329A2 /* YesterdayBloodSugarService.swift in Sources */ = {isa = PBXBuildFile; fileRef = 43F1E0FD1D07698000C329A2 /* YesterdayBloodSugarService.swift */; };
		43F1E1151D076CE700C329A2 /* YesterdayBloodSugarService.swift in Sources */ = {isa = PBXBuildFile; fileRef = 43F1E0FD1D07698000C329A2 /* YesterdayBloodSugarService.swift */; };
		43F1E11B1D076D9700C329A2 /* TimeService.swift in Sources */ = {isa = PBXBuildFile; fileRef = 43F1E11A1D076D9700C329A2 /* TimeService.swift */; };
/* End PBXBuildFile section */

/* Begin PBXContainerItemProxy section */
		43647BDF1BFF6435004389F9 /* PBXContainerItemProxy */ = {
			isa = PBXContainerItemProxy;
			containerPortal = 43647BC21BFF6435004389F9 /* Project object */;
			proxyType = 1;
			remoteGlobalIDString = 43647BC91BFF6435004389F9;
			remoteInfo = scoutwatch;
		};
		43647BEA1BFF6435004389F9 /* PBXContainerItemProxy */ = {
			isa = PBXContainerItemProxy;
			containerPortal = 43647BC21BFF6435004389F9 /* Project object */;
			proxyType = 1;
			remoteGlobalIDString = 43647BC91BFF6435004389F9;
			remoteInfo = scoutwatch;
		};
		43647BF41BFF6435004389F9 /* PBXContainerItemProxy */ = {
			isa = PBXContainerItemProxy;
			containerPortal = 43647BC21BFF6435004389F9 /* Project object */;
			proxyType = 1;
			remoteGlobalIDString = 43647BF11BFF6435004389F9;
			remoteInfo = "scoutwatch WatchKit App";
		};
		43647C031BFF6435004389F9 /* PBXContainerItemProxy */ = {
			isa = PBXContainerItemProxy;
			containerPortal = 43647BC21BFF6435004389F9 /* Project object */;
			proxyType = 1;
			remoteGlobalIDString = 43647C001BFF6435004389F9;
			remoteInfo = "scoutwatch WatchKit Extension";
		};
/* End PBXContainerItemProxy section */

/* Begin PBXCopyFilesBuildPhase section */
		43647C181BFF6435004389F9 /* Embed App Extensions */ = {
			isa = PBXCopyFilesBuildPhase;
			buildActionMask = 2147483647;
			dstPath = "";
			dstSubfolderSpec = 13;
			files = (
				43647C021BFF6435004389F9 /* nightguard.appex in Embed App Extensions */,
			);
			name = "Embed App Extensions";
			runOnlyForDeploymentPostprocessing = 0;
		};
		43647C1C1BFF6435004389F9 /* Embed Watch Content */ = {
			isa = PBXCopyFilesBuildPhase;
			buildActionMask = 2147483647;
			dstPath = "$(CONTENTS_FOLDER_PATH)/Watch";
			dstSubfolderSpec = 16;
			files = (
				43647BF31BFF6435004389F9 /* nightguard.app in Embed Watch Content */,
			);
			name = "Embed Watch Content";
			runOnlyForDeploymentPostprocessing = 0;
		};
/* End PBXCopyFilesBuildPhase section */

/* Begin PBXFileReference section */
		430FD8D31E7C8738002A23F0 /* UIViewControllerExtension.swift */ = {isa = PBXFileReference; fileEncoding = 4; lastKnownFileType = sourcecode.swift; path = UIViewControllerExtension.swift; sourceTree = "<group>"; };
		43119B861C383CF500DD6D35 /* UIColorChanger.swift */ = {isa = PBXFileReference; fileEncoding = 4; lastKnownFileType = sourcecode.swift; path = UIColorChanger.swift; sourceTree = "<group>"; };
		43288A691D1C68D400EE3999 /* StatsViewController.swift */ = {isa = PBXFileReference; fileEncoding = 4; lastKnownFileType = sourcecode.swift; path = StatsViewController.swift; sourceTree = "<group>"; };
		43288A6B1D1C893200EE3999 /* TabBarController.swift */ = {isa = PBXFileReference; fileEncoding = 4; lastKnownFileType = sourcecode.swift; path = TabBarController.swift; sourceTree = "<group>"; };
		43288A6F1D20284600EE3999 /* DoubleExtension.swift */ = {isa = PBXFileReference; fileEncoding = 4; lastKnownFileType = sourcecode.swift; path = DoubleExtension.swift; sourceTree = "<group>"; };
		432E62DE1D10ACD200DD7978 /* Units.swift */ = {isa = PBXFileReference; fileEncoding = 4; lastKnownFileType = sourcecode.swift; path = Units.swift; sourceTree = "<group>"; };
		432E62E61D11F61500DD7978 /* UserDefaultsRepositoryTest.swift */ = {isa = PBXFileReference; fileEncoding = 4; lastKnownFileType = sourcecode.swift; path = UserDefaultsRepositoryTest.swift; sourceTree = "<group>"; };
		432E62E81D143CF900DD7978 /* UnitsConverter.swift */ = {isa = PBXFileReference; fileEncoding = 4; lastKnownFileType = sourcecode.swift; path = UnitsConverter.swift; sourceTree = "<group>"; };
		432E62EA1D15EFC600DD7978 /* FloatExtension.swift */ = {isa = PBXFileReference; fileEncoding = 4; lastKnownFileType = sourcecode.swift; path = FloatExtension.swift; sourceTree = "<group>"; };
		432E62EE1D17359600DD7978 /* StringExtension.swift */ = {isa = PBXFileReference; fileEncoding = 4; lastKnownFileType = sourcecode.swift; path = StringExtension.swift; sourceTree = "<group>"; };
		433AD0161CCE3E89001A76CD /* NightscoutServiceTest.swift */ = {isa = PBXFileReference; fileEncoding = 4; lastKnownFileType = sourcecode.swift; path = NightscoutServiceTest.swift; sourceTree = "<group>"; };
		4351E6AD1D2ADFBE001E4AE4 /* StatsPrefsViewController.swift */ = {isa = PBXFileReference; fileEncoding = 4; lastKnownFileType = sourcecode.swift; path = StatsPrefsViewController.swift; sourceTree = "<group>"; };
		4351E6AF1D2EFA8C001E4AE4 /* StatisticsRepository.swift */ = {isa = PBXFileReference; fileEncoding = 4; lastKnownFileType = sourcecode.swift; path = StatisticsRepository.swift; sourceTree = "<group>"; };
		4351E6B11D2EFDFE001E4AE4 /* TimeServiceTest.swift */ = {isa = PBXFileReference; fileEncoding = 4; lastKnownFileType = sourcecode.swift; path = TimeServiceTest.swift; sourceTree = "<group>"; };
		43647BCA1BFF6435004389F9 /* nightguard.app */ = {isa = PBXFileReference; explicitFileType = wrapper.application; includeInIndex = 0; path = nightguard.app; sourceTree = BUILT_PRODUCTS_DIR; };
		43647BD21BFF6435004389F9 /* Base */ = {isa = PBXFileReference; lastKnownFileType = file.storyboard; name = Base; path = Base.lproj/Main.storyboard; sourceTree = "<group>"; };
		43647BD71BFF6435004389F9 /* Base */ = {isa = PBXFileReference; lastKnownFileType = file.storyboard; name = Base; path = Base.lproj/LaunchScreen.storyboard; sourceTree = "<group>"; };
		43647BDE1BFF6435004389F9 /* nightguard.xctest */ = {isa = PBXFileReference; explicitFileType = wrapper.cfbundle; includeInIndex = 0; path = nightguard.xctest; sourceTree = BUILT_PRODUCTS_DIR; };
		43647BE41BFF6435004389F9 /* Info.plist */ = {isa = PBXFileReference; lastKnownFileType = text.plist.xml; path = Info.plist; sourceTree = "<group>"; };
		43647BE91BFF6435004389F9 /* nightguard.xctest */ = {isa = PBXFileReference; explicitFileType = wrapper.cfbundle; includeInIndex = 0; path = nightguard.xctest; sourceTree = BUILT_PRODUCTS_DIR; };
		43647BED1BFF6435004389F9 /* scoutwatchUITests.swift */ = {isa = PBXFileReference; lastKnownFileType = sourcecode.swift; path = scoutwatchUITests.swift; sourceTree = "<group>"; };
		43647BEF1BFF6435004389F9 /* Info.plist */ = {isa = PBXFileReference; lastKnownFileType = text.plist.xml; path = Info.plist; sourceTree = "<group>"; };
		43647BF21BFF6435004389F9 /* nightguard.app */ = {isa = PBXFileReference; explicitFileType = wrapper.application; includeInIndex = 0; path = nightguard.app; sourceTree = BUILT_PRODUCTS_DIR; };
		43647BF81BFF6435004389F9 /* Base */ = {isa = PBXFileReference; lastKnownFileType = file.storyboard; name = Base; path = Base.lproj/Interface.storyboard; sourceTree = "<group>"; };
		43647BFC1BFF6435004389F9 /* Info.plist */ = {isa = PBXFileReference; lastKnownFileType = text.plist.xml; path = Info.plist; sourceTree = "<group>"; };
		43647C011BFF6435004389F9 /* nightguard.appex */ = {isa = PBXFileReference; explicitFileType = "wrapper.app-extension"; includeInIndex = 0; path = nightguard.appex; sourceTree = BUILT_PRODUCTS_DIR; };
		43647C071BFF6435004389F9 /* PushNotificationPayload.apns */ = {isa = PBXFileReference; lastKnownFileType = text; path = PushNotificationPayload.apns; sourceTree = "<group>"; };
		43647C081BFF6435004389F9 /* InterfaceController.swift */ = {isa = PBXFileReference; lastKnownFileType = sourcecode.swift; path = InterfaceController.swift; sourceTree = "<group>"; };
		43647C0A1BFF6435004389F9 /* ExtensionDelegate.swift */ = {isa = PBXFileReference; lastKnownFileType = sourcecode.swift; path = ExtensionDelegate.swift; sourceTree = "<group>"; };
		43647C0C1BFF6435004389F9 /* NotificationController.swift */ = {isa = PBXFileReference; lastKnownFileType = sourcecode.swift; path = NotificationController.swift; sourceTree = "<group>"; };
		43647C0E1BFF6435004389F9 /* ComplicationController.swift */ = {isa = PBXFileReference; lastKnownFileType = sourcecode.swift; path = ComplicationController.swift; sourceTree = "<group>"; };
		43647C121BFF6435004389F9 /* Info.plist */ = {isa = PBXFileReference; lastKnownFileType = text.plist.xml; path = Info.plist; sourceTree = "<group>"; };
		43794F411C2F435A00DB8B58 /* AppConstants.swift */ = {isa = PBXFileReference; fileEncoding = 4; lastKnownFileType = sourcecode.swift; path = AppConstants.swift; sourceTree = "<group>"; };
		43794F451C303E4200DB8B58 /* NightscoutDataRepository.swift */ = {isa = PBXFileReference; fileEncoding = 4; lastKnownFileType = sourcecode.swift; path = NightscoutDataRepository.swift; sourceTree = "<group>"; };
		43794F471C30482500DB8B58 /* DataRepositoryTest.swift */ = {isa = PBXFileReference; fileEncoding = 4; lastKnownFileType = sourcecode.swift; path = DataRepositoryTest.swift; sourceTree = "<group>"; };
		43794F4C1C34248500DB8B58 /* InfoInterfaceController.swift */ = {isa = PBXFileReference; fileEncoding = 4; lastKnownFileType = sourcecode.swift; path = InfoInterfaceController.swift; sourceTree = "<group>"; };
		43794F4E1C343B9800DB8B58 /* UserDefaultsRepository.swift */ = {isa = PBXFileReference; fileEncoding = 4; lastKnownFileType = sourcecode.swift; name = UserDefaultsRepository.swift; path = "nightguard WatchKit Extension/UserDefaultsRepository.swift"; sourceTree = SOURCE_ROOT; };
		438066FA1D21B2000021B618 /* WatchMessageService.swift */ = {isa = PBXFileReference; fileEncoding = 4; lastKnownFileType = sourcecode.swift; path = WatchMessageService.swift; sourceTree = "<group>"; };
		438066FD1D21C2350021B618 /* AppMessageService.swift */ = {isa = PBXFileReference; fileEncoding = 4; lastKnownFileType = sourcecode.swift; path = AppMessageService.swift; sourceTree = "<group>"; };
		438591D91C14DC4D00F9CEE2 /* scoutwatch WatchKit Extension.entitlements */ = {isa = PBXFileReference; lastKnownFileType = text.xml; path = "scoutwatch WatchKit Extension.entitlements"; sourceTree = "<group>"; };
		439BADF71C24C315006BEADB /* Media.xcassets */ = {isa = PBXFileReference; lastKnownFileType = folder.assetcatalog; path = Media.xcassets; sourceTree = "<group>"; };
		439C39171C0E002F00D89872 /* ChartPainter.swift */ = {isa = PBXFileReference; fileEncoding = 4; lastKnownFileType = sourcecode.swift; name = ChartPainter.swift; path = "nightguard WatchKit Extension/ChartPainter.swift"; sourceTree = SOURCE_ROOT; };
		439C391A1C0E295C00D89872 /* ChartPainterTest.swift */ = {isa = PBXFileReference; fileEncoding = 4; lastKnownFileType = sourcecode.swift; path = ChartPainterTest.swift; sourceTree = "<group>"; };
		43BF690E1C72698000A36D61 /* GuiStateRepositoryTest.swift */ = {isa = PBXFileReference; fileEncoding = 4; lastKnownFileType = sourcecode.swift; path = GuiStateRepositoryTest.swift; sourceTree = "<group>"; };
		43D213631C2214D60046C52D /* Assets.xcassets */ = {isa = PBXFileReference; lastKnownFileType = folder.assetcatalog; path = Assets.xcassets; sourceTree = "<group>"; };
		43E89E561E659102005B0A65 /* ChartScene.swift */ = {isa = PBXFileReference; fileEncoding = 4; lastKnownFileType = sourcecode.swift; path = ChartScene.swift; sourceTree = "<group>"; };
		43F1E0E91D0768EF00C329A2 /* WatchService.swift */ = {isa = PBXFileReference; fileEncoding = 4; lastKnownFileType = sourcecode.swift; name = WatchService.swift; path = nightguard/WatchService.swift; sourceTree = SOURCE_ROOT; };
		43F1E0EB1D07693300C329A2 /* AlarmRule.swift */ = {isa = PBXFileReference; fileEncoding = 4; lastKnownFileType = sourcecode.swift; name = AlarmRule.swift; path = nightguard/AlarmRule.swift; sourceTree = SOURCE_ROOT; };
		43F1E0EC1D07693300C329A2 /* BloodSugar.swift */ = {isa = PBXFileReference; fileEncoding = 4; lastKnownFileType = sourcecode.swift; name = BloodSugar.swift; path = nightguard/BloodSugar.swift; sourceTree = SOURCE_ROOT; };
		43F1E0F11D07698000C329A2 /* alarm.mp3 */ = {isa = PBXFileReference; lastKnownFileType = audio.mp3; name = alarm.mp3; path = nightguard/alarm.mp3; sourceTree = SOURCE_ROOT; };
		43F1E0F21D07698000C329A2 /* AlarmSound.swift */ = {isa = PBXFileReference; fileEncoding = 4; lastKnownFileType = sourcecode.swift; name = AlarmSound.swift; path = nightguard/AlarmSound.swift; sourceTree = SOURCE_ROOT; };
		43F1E0F31D07698000C329A2 /* AlarmViewController.swift */ = {isa = PBXFileReference; fileEncoding = 4; lastKnownFileType = sourcecode.swift; name = AlarmViewController.swift; path = nightguard/AlarmViewController.swift; sourceTree = SOURCE_ROOT; };
		43F1E0F41D07698000C329A2 /* AppDelegate.swift */ = {isa = PBXFileReference; fileEncoding = 4; lastKnownFileType = sourcecode.swift; name = AppDelegate.swift; path = nightguard/AppDelegate.swift; sourceTree = SOURCE_ROOT; };
		43F1E0F51D07698000C329A2 /* BgDataHolder.swift */ = {isa = PBXFileReference; fileEncoding = 4; lastKnownFileType = sourcecode.swift; name = BgDataHolder.swift; path = nightguard/BgDataHolder.swift; sourceTree = SOURCE_ROOT; };
		43F1E0F61D07698000C329A2 /* GuiStateRepository.swift */ = {isa = PBXFileReference; fileEncoding = 4; lastKnownFileType = sourcecode.swift; name = GuiStateRepository.swift; path = nightguard/GuiStateRepository.swift; sourceTree = SOURCE_ROOT; };
		43F1E0F71D07698000C329A2 /* Info.plist */ = {isa = PBXFileReference; fileEncoding = 4; lastKnownFileType = text.plist.xml; name = Info.plist; path = nightguard/Info.plist; sourceTree = SOURCE_ROOT; };
		43F1E0F81D07698000C329A2 /* MainViewController.swift */ = {isa = PBXFileReference; fileEncoding = 4; lastKnownFileType = sourcecode.swift; name = MainViewController.swift; path = nightguard/MainViewController.swift; sourceTree = SOURCE_ROOT; };
		43F1E0F91D07698000C329A2 /* Media.xcassets */ = {isa = PBXFileReference; lastKnownFileType = folder.assetcatalog; name = Media.xcassets; path = nightguard/Media.xcassets; sourceTree = SOURCE_ROOT; };
		43F1E0FA1D07698000C329A2 /* NightscoutData.swift */ = {isa = PBXFileReference; fileEncoding = 4; lastKnownFileType = sourcecode.swift; name = NightscoutData.swift; path = nightguard/NightscoutData.swift; sourceTree = SOURCE_ROOT; };
		43F1E0FB1D07698000C329A2 /* PrefsViewController.swift */ = {isa = PBXFileReference; fileEncoding = 4; lastKnownFileType = sourcecode.swift; name = PrefsViewController.swift; path = nightguard/PrefsViewController.swift; sourceTree = SOURCE_ROOT; };
		43F1E0FC1D07698000C329A2 /* scoutwatch.entitlements */ = {isa = PBXFileReference; fileEncoding = 4; lastKnownFileType = text.xml; name = scoutwatch.entitlements; path = nightguard/scoutwatch.entitlements; sourceTree = SOURCE_ROOT; };
		43F1E0FD1D07698000C329A2 /* YesterdayBloodSugarService.swift */ = {isa = PBXFileReference; fileEncoding = 4; lastKnownFileType = sourcecode.swift; name = YesterdayBloodSugarService.swift; path = nightguard/YesterdayBloodSugarService.swift; sourceTree = SOURCE_ROOT; };
		43F1E1101D076C1C00C329A2 /* NightscoutService.swift */ = {isa = PBXFileReference; fileEncoding = 4; lastKnownFileType = sourcecode.swift; name = NightscoutService.swift; path = nightguard/NightscoutService.swift; sourceTree = SOURCE_ROOT; };
		43F1E11A1D076D9700C329A2 /* TimeService.swift */ = {isa = PBXFileReference; fileEncoding = 4; lastKnownFileType = sourcecode.swift; name = TimeService.swift; path = nightguard/TimeService.swift; sourceTree = SOURCE_ROOT; };
/* End PBXFileReference section */

/* Begin PBXFrameworksBuildPhase section */
		43647BC71BFF6435004389F9 /* Frameworks */ = {
			isa = PBXFrameworksBuildPhase;
			buildActionMask = 2147483647;
			files = (
			);
			runOnlyForDeploymentPostprocessing = 0;
		};
		43647BDB1BFF6435004389F9 /* Frameworks */ = {
			isa = PBXFrameworksBuildPhase;
			buildActionMask = 2147483647;
			files = (
			);
			runOnlyForDeploymentPostprocessing = 0;
		};
		43647BE61BFF6435004389F9 /* Frameworks */ = {
			isa = PBXFrameworksBuildPhase;
			buildActionMask = 2147483647;
			files = (
			);
			runOnlyForDeploymentPostprocessing = 0;
		};
		43647BFE1BFF6435004389F9 /* Frameworks */ = {
			isa = PBXFrameworksBuildPhase;
			buildActionMask = 2147483647;
			files = (
			);
			runOnlyForDeploymentPostprocessing = 0;
		};
		81615C31F20A3DB028BE7BC8 /* Frameworks */ = {
			isa = PBXFrameworksBuildPhase;
			buildActionMask = 2147483647;
			files = (
			);
			runOnlyForDeploymentPostprocessing = 0;
		};
/* End PBXFrameworksBuildPhase section */

/* Begin PBXGroup section */
		432E62E21D1126CA00DD7978 /* app */ = {
			isa = PBXGroup;
			children = (
				43E89E561E659102005B0A65 /* ChartScene.swift */,
				43F1E0F21D07698000C329A2 /* AlarmSound.swift */,
				43F1E0F51D07698000C329A2 /* BgDataHolder.swift */,
				432E62E81D143CF900DD7978 /* UnitsConverter.swift */,
				43F1E0FA1D07698000C329A2 /* NightscoutData.swift */,
				43F1E0FD1D07698000C329A2 /* YesterdayBloodSugarService.swift */,
				43F1E11A1D076D9700C329A2 /* TimeService.swift */,
				439C39171C0E002F00D89872 /* ChartPainter.swift */,
				43794F4E1C343B9800DB8B58 /* UserDefaultsRepository.swift */,
				432E62EA1D15EFC600DD7978 /* FloatExtension.swift */,
				432E62EE1D17359600DD7978 /* StringExtension.swift */,
				43288A6F1D20284600EE3999 /* DoubleExtension.swift */,
				43F1E0F61D07698000C329A2 /* GuiStateRepository.swift */,
				4351E6AF1D2EFA8C001E4AE4 /* StatisticsRepository.swift */,
				430FD8D31E7C8738002A23F0 /* UIViewControllerExtension.swift */,
			);
			name = app;
			sourceTree = "<group>";
		};
		432E62E51D11288100DD7978 /* app */ = {
			isa = PBXGroup;
			children = (
				43794F451C303E4200DB8B58 /* NightscoutDataRepository.swift */,
				43119B861C383CF500DD6D35 /* UIColorChanger.swift */,
			);
			name = app;
			sourceTree = "<group>";
		};
		433AD0131CCE1CE2001A76CD /* external */ = {
			isa = PBXGroup;
			children = (
				438066FA1D21B2000021B618 /* WatchMessageService.swift */,
				43F1E1101D076C1C00C329A2 /* NightscoutService.swift */,
				43F1E0E91D0768EF00C329A2 /* WatchService.swift */,
			);
			name = external;
			sourceTree = "<group>";
		};
		43647BC11BFF6435004389F9 = {
			isa = PBXGroup;
			children = (
				43647BCC1BFF6435004389F9 /* nightguard */,
				43647BE11BFF6435004389F9 /* nightguardTests */,
				43647BEC1BFF6435004389F9 /* nightguardUITests */,
				43647BF61BFF6435004389F9 /* nightguard WatchKit App */,
				43647C051BFF6435004389F9 /* nightguard WatchKit Extension */,
				43647BCB1BFF6435004389F9 /* Products */,
			);
			sourceTree = "<group>";
		};
		43647BCB1BFF6435004389F9 /* Products */ = {
			isa = PBXGroup;
			children = (
				43647BCA1BFF6435004389F9 /* nightguard.app */,
				43647BDE1BFF6435004389F9 /* nightguard.xctest */,
				43647BE91BFF6435004389F9 /* nightguard.xctest */,
				43647BF21BFF6435004389F9 /* nightguard.app */,
				43647C011BFF6435004389F9 /* nightguard.appex */,
			);
			name = Products;
			sourceTree = "<group>";
		};
		43647BCC1BFF6435004389F9 /* nightguard */ = {
			isa = PBXGroup;
			children = (
				432E62E21D1126CA00DD7978 /* app */,
				43F1E1181D076D2800C329A2 /* domain */,
				433AD0131CCE1CE2001A76CD /* external */,
				43647BD11BFF6435004389F9 /* Main.storyboard */,
				43F1E0F81D07698000C329A2 /* MainViewController.swift */,
				43F1E0F31D07698000C329A2 /* AlarmViewController.swift */,
				43288A691D1C68D400EE3999 /* StatsViewController.swift */,
				4351E6AD1D2ADFBE001E4AE4 /* StatsPrefsViewController.swift */,
				43F1E0FB1D07698000C329A2 /* PrefsViewController.swift */,
				43F1E0F41D07698000C329A2 /* AppDelegate.swift */,
				43F1E0F71D07698000C329A2 /* Info.plist */,
				43F1E0F11D07698000C329A2 /* alarm.mp3 */,
				43F1E0F91D07698000C329A2 /* Media.xcassets */,
				43F1E0FC1D07698000C329A2 /* scoutwatch.entitlements */,
				43647BD61BFF6435004389F9 /* LaunchScreen.storyboard */,
				43288A6B1D1C893200EE3999 /* TabBarController.swift */,
			);
			path = nightguard;
			sourceTree = "<group>";
		};
		43647BE11BFF6435004389F9 /* nightguardTests */ = {
			isa = PBXGroup;
			children = (
				43647BE41BFF6435004389F9 /* Info.plist */,
				439C391A1C0E295C00D89872 /* ChartPainterTest.swift */,
				43794F471C30482500DB8B58 /* DataRepositoryTest.swift */,
				43BF690E1C72698000A36D61 /* GuiStateRepositoryTest.swift */,
				433AD0161CCE3E89001A76CD /* NightscoutServiceTest.swift */,
				432E62E61D11F61500DD7978 /* UserDefaultsRepositoryTest.swift */,
				4351E6B11D2EFDFE001E4AE4 /* TimeServiceTest.swift */,
			);
			path = nightguardTests;
			sourceTree = "<group>";
		};
		43647BEC1BFF6435004389F9 /* nightguardUITests */ = {
			isa = PBXGroup;
			children = (
				43647BED1BFF6435004389F9 /* scoutwatchUITests.swift */,
				43647BEF1BFF6435004389F9 /* Info.plist */,
			);
			path = nightguardUITests;
			sourceTree = "<group>";
		};
		43647BF61BFF6435004389F9 /* nightguard WatchKit App */ = {
			isa = PBXGroup;
			children = (
				439BADF71C24C315006BEADB /* Media.xcassets */,
				43647BF71BFF6435004389F9 /* Interface.storyboard */,
				43647BFC1BFF6435004389F9 /* Info.plist */,
			);
			path = "nightguard WatchKit App";
			sourceTree = "<group>";
		};
		43647C051BFF6435004389F9 /* nightguard WatchKit Extension */ = {
			isa = PBXGroup;
			children = (
				432E62E51D11288100DD7978 /* app */,
				438066FC1D21C1ED0021B618 /* external */,
				43647C061BFF6435004389F9 /* Supporting Files */,
				43647C081BFF6435004389F9 /* InterfaceController.swift */,
				43794F4C1C34248500DB8B58 /* InfoInterfaceController.swift */,
				43647C0C1BFF6435004389F9 /* NotificationController.swift */,
				43647C0E1BFF6435004389F9 /* ComplicationController.swift */,
				43647C0A1BFF6435004389F9 /* ExtensionDelegate.swift */,
				43794F411C2F435A00DB8B58 /* AppConstants.swift */,
				43D213631C2214D60046C52D /* Assets.xcassets */,
				438591D91C14DC4D00F9CEE2 /* scoutwatch WatchKit Extension.entitlements */,
				43647C121BFF6435004389F9 /* Info.plist */,
			);
			path = "nightguard WatchKit Extension";
			sourceTree = "<group>";
		};
		43647C061BFF6435004389F9 /* Supporting Files */ = {
			isa = PBXGroup;
			children = (
				43647C071BFF6435004389F9 /* PushNotificationPayload.apns */,
			);
			name = "Supporting Files";
			sourceTree = "<group>";
		};
		438066FC1D21C1ED0021B618 /* external */ = {
			isa = PBXGroup;
			children = (
				438066FD1D21C2350021B618 /* AppMessageService.swift */,
			);
			name = external;
			sourceTree = "<group>";
		};
		43F1E1181D076D2800C329A2 /* domain */ = {
			isa = PBXGroup;
			children = (
				43F1E0EB1D07693300C329A2 /* AlarmRule.swift */,
				43F1E0EC1D07693300C329A2 /* BloodSugar.swift */,
				432E62DE1D10ACD200DD7978 /* Units.swift */,
			);
			name = domain;
			sourceTree = "<group>";
		};
/* End PBXGroup section */

/* Begin PBXNativeTarget section */
		43647BC91BFF6435004389F9 /* nightguard */ = {
			isa = PBXNativeTarget;
			buildConfigurationList = 43647C1D1BFF6435004389F9 /* Build configuration list for PBXNativeTarget "nightguard" */;
			buildPhases = (
				43647BC61BFF6435004389F9 /* Sources */,
				43647BC71BFF6435004389F9 /* Frameworks */,
				43647BC81BFF6435004389F9 /* Resources */,
				43647C1C1BFF6435004389F9 /* Embed Watch Content */,
				43FD71501CFCD75A005CE68B /* Run Script */,
			);
			buildRules = (
			);
			dependencies = (
				43647BF51BFF6435004389F9 /* PBXTargetDependency */,
			);
			name = nightguard;
			productName = scoutwatch;
			productReference = 43647BCA1BFF6435004389F9 /* nightguard.app */;
			productType = "com.apple.product-type.application";
		};
		43647BDD1BFF6435004389F9 /* nightguardTests */ = {
			isa = PBXNativeTarget;
			buildConfigurationList = 43647C201BFF6435004389F9 /* Build configuration list for PBXNativeTarget "nightguardTests" */;
			buildPhases = (
				43647BDA1BFF6435004389F9 /* Sources */,
				43647BDB1BFF6435004389F9 /* Frameworks */,
				43647BDC1BFF6435004389F9 /* Resources */,
			);
			buildRules = (
			);
			dependencies = (
				43647BE01BFF6435004389F9 /* PBXTargetDependency */,
			);
			name = nightguardTests;
			productName = scoutwatchTests;
			productReference = 43647BDE1BFF6435004389F9 /* nightguard.xctest */;
			productType = "com.apple.product-type.bundle.unit-test";
		};
		43647BE81BFF6435004389F9 /* nightguardUITests */ = {
			isa = PBXNativeTarget;
			buildConfigurationList = 43647C231BFF6435004389F9 /* Build configuration list for PBXNativeTarget "nightguardUITests" */;
			buildPhases = (
				43647BE51BFF6435004389F9 /* Sources */,
				43647BE61BFF6435004389F9 /* Frameworks */,
				43647BE71BFF6435004389F9 /* Resources */,
			);
			buildRules = (
			);
			dependencies = (
				43647BEB1BFF6435004389F9 /* PBXTargetDependency */,
			);
			name = nightguardUITests;
			productName = scoutwatchUITests;
			productReference = 43647BE91BFF6435004389F9 /* nightguard.xctest */;
			productType = "com.apple.product-type.bundle.ui-testing";
		};
		43647BF11BFF6435004389F9 /* nightguard WatchKit App */ = {
			isa = PBXNativeTarget;
			buildConfigurationList = 43647C191BFF6435004389F9 /* Build configuration list for PBXNativeTarget "nightguard WatchKit App" */;
			buildPhases = (
				43647BF01BFF6435004389F9 /* Resources */,
				43647C181BFF6435004389F9 /* Embed App Extensions */,
				81615C31F20A3DB028BE7BC8 /* Frameworks */,
			);
			buildRules = (
			);
			dependencies = (
				43647C041BFF6435004389F9 /* PBXTargetDependency */,
			);
			name = "nightguard WatchKit App";
			productName = "scoutwatch WatchKit App";
			productReference = 43647BF21BFF6435004389F9 /* nightguard.app */;
			productType = "com.apple.product-type.application.watchapp2";
		};
		43647C001BFF6435004389F9 /* nightguard WatchKit Extension */ = {
			isa = PBXNativeTarget;
			buildConfigurationList = 43647C151BFF6435004389F9 /* Build configuration list for PBXNativeTarget "nightguard WatchKit Extension" */;
			buildPhases = (
				43647BFD1BFF6435004389F9 /* Sources */,
				43647BFE1BFF6435004389F9 /* Frameworks */,
				43647BFF1BFF6435004389F9 /* Resources */,
			);
			buildRules = (
			);
			dependencies = (
			);
			name = "nightguard WatchKit Extension";
			productName = "scoutwatch WatchKit Extension";
			productReference = 43647C011BFF6435004389F9 /* nightguard.appex */;
			productType = "com.apple.product-type.watchkit2-extension";
		};
/* End PBXNativeTarget section */

/* Begin PBXProject section */
		43647BC21BFF6435004389F9 /* Project object */ = {
			isa = PBXProject;
			attributes = {
				LastSwiftUpdateCheck = 0710;
				LastUpgradeCheck = 0900;
				ORGANIZATIONNAME = private;
				TargetAttributes = {
					43647BC91BFF6435004389F9 = {
						CreatedOnToolsVersion = 7.1.1;
						DevelopmentTeam = 66QQCRE7XS;
						LastSwiftMigration = 0830;
						SystemCapabilities = {
							com.apple.ApplicationGroups.iOS = {
								enabled = 1;
							};
							com.apple.BackgroundModes = {
								enabled = 0;
							};
						};
					};
					43647BDD1BFF6435004389F9 = {
						CreatedOnToolsVersion = 7.1.1;
						DevelopmentTeam = CKBQ7ULFY8;
						LastSwiftMigration = 0830;
						TestTargetID = 43647BC91BFF6435004389F9;
					};
					43647BE81BFF6435004389F9 = {
						CreatedOnToolsVersion = 7.1.1;
						DevelopmentTeam = CKBQ7ULFY8;
						LastSwiftMigration = 0830;
						TestTargetID = 43647BC91BFF6435004389F9;
					};
					43647BF11BFF6435004389F9 = {
						CreatedOnToolsVersion = 7.1.1;
						DevelopmentTeam = 66QQCRE7XS;
						LastSwiftMigration = 0830;
					};
					43647C001BFF6435004389F9 = {
						CreatedOnToolsVersion = 7.1.1;
						DevelopmentTeam = 66QQCRE7XS;
						LastSwiftMigration = 0830;
						SystemCapabilities = {
							com.apple.ApplicationGroups.iOS = {
								enabled = 1;
							};
						};
					};
				};
			};
			buildConfigurationList = 43647BC51BFF6435004389F9 /* Build configuration list for PBXProject "nightguard" */;
			compatibilityVersion = "Xcode 3.2";
			developmentRegion = English;
			hasScannedForEncodings = 0;
			knownRegions = (
				en,
				Base,
			);
			mainGroup = 43647BC11BFF6435004389F9;
			productRefGroup = 43647BCB1BFF6435004389F9 /* Products */;
			projectDirPath = "";
			projectRoot = "";
			targets = (
				43647BC91BFF6435004389F9 /* nightguard */,
				43647BDD1BFF6435004389F9 /* nightguardTests */,
				43647BE81BFF6435004389F9 /* nightguardUITests */,
				43647BF11BFF6435004389F9 /* nightguard WatchKit App */,
				43647C001BFF6435004389F9 /* nightguard WatchKit Extension */,
			);
		};
/* End PBXProject section */

/* Begin PBXResourcesBuildPhase section */
		43647BC81BFF6435004389F9 /* Resources */ = {
			isa = PBXResourcesBuildPhase;
			buildActionMask = 2147483647;
			files = (
				43647BD81BFF6435004389F9 /* LaunchScreen.storyboard in Resources */,
				43F1E1061D07698000C329A2 /* Media.xcassets in Resources */,
				43F1E0FE1D07698000C329A2 /* alarm.mp3 in Resources */,
				43647BD31BFF6435004389F9 /* Main.storyboard in Resources */,
				43F1E1091D07698000C329A2 /* scoutwatch.entitlements in Resources */,
			);
			runOnlyForDeploymentPostprocessing = 0;
		};
		43647BDC1BFF6435004389F9 /* Resources */ = {
			isa = PBXResourcesBuildPhase;
			buildActionMask = 2147483647;
			files = (
			);
			runOnlyForDeploymentPostprocessing = 0;
		};
		43647BE71BFF6435004389F9 /* Resources */ = {
			isa = PBXResourcesBuildPhase;
			buildActionMask = 2147483647;
			files = (
			);
			runOnlyForDeploymentPostprocessing = 0;
		};
		43647BF01BFF6435004389F9 /* Resources */ = {
			isa = PBXResourcesBuildPhase;
			buildActionMask = 2147483647;
			files = (
				439BADF81C24C315006BEADB /* Media.xcassets in Resources */,
				43647BF91BFF6435004389F9 /* Interface.storyboard in Resources */,
			);
			runOnlyForDeploymentPostprocessing = 0;
		};
		43647BFF1BFF6435004389F9 /* Resources */ = {
			isa = PBXResourcesBuildPhase;
			buildActionMask = 2147483647;
			files = (
				43D213641C2214D60046C52D /* Assets.xcassets in Resources */,
			);
			runOnlyForDeploymentPostprocessing = 0;
		};
/* End PBXResourcesBuildPhase section */

/* Begin PBXShellScriptBuildPhase section */
		43FD71501CFCD75A005CE68B /* Run Script */ = {
			isa = PBXShellScriptBuildPhase;
			buildActionMask = 2147483647;
			files = (
			);
			inputPaths = (
			);
			name = "Run Script";
			outputPaths = (
			);
			runOnlyForDeploymentPostprocessing = 0;
			shellPath = /bin/sh;
			shellScript = "#!/bin/sh\nPLISTCMD=\"Set :CFBundleVersion $(git rev-list --all|wc -l)\"\n/usr/libexec/PlistBuddy -c \"$PLISTCMD\" \"nightguard/Info.plist\"\n/usr/libexec/PlistBuddy -c \"$PLISTCMD\" \"nightguardTests/Info.plist\"\n/usr/libexec/PlistBuddy -c \"$PLISTCMD\" \"nightguardUITests/Info.plist\"\n/usr/libexec/PlistBuddy -c \"$PLISTCMD\" \"nightguard WatchKit App/Info.plist\"\n/usr/libexec/PlistBuddy -c \"$PLISTCMD\" \"nightguard Watchkit Extension/Info.plist\"";
		};
/* End PBXShellScriptBuildPhase section */

/* Begin PBXSourcesBuildPhase section */
		43647BC61BFF6435004389F9 /* Sources */ = {
			isa = PBXSourcesBuildPhase;
			buildActionMask = 2147483647;
			files = (
				43F1E1001D07698000C329A2 /* AlarmViewController.swift in Sources */,
				432E62E91D143CF900DD7978 /* UnitsConverter.swift in Sources */,
				43F1E0EF1D07693300C329A2 /* BloodSugar.swift in Sources */,
				43F1E1141D076CE200C329A2 /* YesterdayBloodSugarService.swift in Sources */,
				43119B891C38404200DD6D35 /* NightscoutDataRepository.swift in Sources */,
				43F1E1021D07698000C329A2 /* BgDataHolder.swift in Sources */,
				438066FB1D21B2000021B618 /* WatchMessageService.swift in Sources */,
				43F1E0FF1D07698000C329A2 /* AlarmSound.swift in Sources */,
				43F1E1111D076C1C00C329A2 /* NightscoutService.swift in Sources */,
				43288A701D20284600EE3999 /* DoubleExtension.swift in Sources */,
				4351E6B01D2EFA8C001E4AE4 /* StatisticsRepository.swift in Sources */,
				43119B8D1C3885A700DD6D35 /* ChartPainter.swift in Sources */,
				43F1E0EA1D0768EF00C329A2 /* WatchService.swift in Sources */,
				43E89E571E659102005B0A65 /* ChartScene.swift in Sources */,
				43288A6A1D1C68D400EE3999 /* StatsViewController.swift in Sources */,
				43119B831C382BBB00DD6D35 /* UserDefaultsRepository.swift in Sources */,
				43F1E11B1D076D9700C329A2 /* TimeService.swift in Sources */,
				432E62EB1D15EFC600DD7978 /* FloatExtension.swift in Sources */,
				430FD8D41E7C8738002A23F0 /* UIViewControllerExtension.swift in Sources */,
				43F1E1051D07698000C329A2 /* MainViewController.swift in Sources */,
				43F1E1031D07698000C329A2 /* GuiStateRepository.swift in Sources */,
				432E62DF1D10ACD200DD7978 /* Units.swift in Sources */,
				43119B941C3AAE6600DD6D35 /* UIColorChanger.swift in Sources */,
				43288A6C1D1C893200EE3999 /* TabBarController.swift in Sources */,
				43F1E1081D07698000C329A2 /* PrefsViewController.swift in Sources */,
				43F1E1071D07698000C329A2 /* NightscoutData.swift in Sources */,
				4351E6AE1D2ADFBE001E4AE4 /* StatsPrefsViewController.swift in Sources */,
				43119B811C382A0E00DD6D35 /* AppConstants.swift in Sources */,
				43F1E0EE1D07693300C329A2 /* AlarmRule.swift in Sources */,
				432E62EF1D17359600DD7978 /* StringExtension.swift in Sources */,
				43F1E1011D07698000C329A2 /* AppDelegate.swift in Sources */,
			);
			runOnlyForDeploymentPostprocessing = 0;
		};
		43647BDA1BFF6435004389F9 /* Sources */ = {
			isa = PBXSourcesBuildPhase;
			buildActionMask = 2147483647;
			files = (
				439C391B1C0E295C00D89872 /* ChartPainterTest.swift in Sources */,
				4351E6B21D2EFDFE001E4AE4 /* TimeServiceTest.swift in Sources */,
				433AD0171CCE3E89001A76CD /* NightscoutServiceTest.swift in Sources */,
				432E62ED1D15EFF100DD7978 /* FloatExtension.swift in Sources */,
				432E62E71D11F61500DD7978 /* UserDefaultsRepositoryTest.swift in Sources */,
				43794F491C30489C00DB8B58 /* NightscoutDataRepository.swift in Sources */,
				432E62E01D10AF3800DD7978 /* Units.swift in Sources */,
				432E62D91D0CC3AC00DD7978 /* BloodSugar.swift in Sources */,
				432E62DA1D0CC3DE00DD7978 /* TimeService.swift in Sources */,
				432E62DC1D0CC4A900DD7978 /* GuiStateRepository.swift in Sources */,
				433AD0181CCE3FCB001A76CD /* UserDefaultsRepository.swift in Sources */,
				43BF690F1C72698000A36D61 /* GuiStateRepositoryTest.swift in Sources */,
				432E62F11D188A2A00DD7978 /* UnitsConverter.swift in Sources */,
				43288A711D2028CC00EE3999 /* DoubleExtension.swift in Sources */,
				43794F481C30482500DB8B58 /* DataRepositoryTest.swift in Sources */,
				43794F4B1C3049B300DB8B58 /* AppConstants.swift in Sources */,
				439C39191C0E28DD00D89872 /* ChartPainter.swift in Sources */,
				432E62D71D0CC35100DD7978 /* NightscoutService.swift in Sources */,
				432E62D81D0CC38C00DD7978 /* NightscoutData.swift in Sources */,
			);
			runOnlyForDeploymentPostprocessing = 0;
		};
		43647BE51BFF6435004389F9 /* Sources */ = {
			isa = PBXSourcesBuildPhase;
			buildActionMask = 2147483647;
			files = (
				43647BEE1BFF6435004389F9 /* scoutwatchUITests.swift in Sources */,
			);
			runOnlyForDeploymentPostprocessing = 0;
		};
		43647BFD1BFF6435004389F9 /* Sources */ = {
			isa = PBXSourcesBuildPhase;
			buildActionMask = 2147483647;
			files = (
				4346F9841D0773F700487541 /* TimeService.swift in Sources */,
				43E89E5C1E6A1D72005B0A65 /* ChartScene.swift in Sources */,
				432E62EC1D15EFEC00DD7978 /* FloatExtension.swift in Sources */,
				43F1E1151D076CE700C329A2 /* YesterdayBloodSugarService.swift in Sources */,
				43647C0D1BFF6435004389F9 /* NotificationController.swift in Sources */,
				432E62F01D188A2400DD7978 /* UnitsConverter.swift in Sources */,
				43F1E10C1D076B4100C329A2 /* NightscoutData.swift in Sources */,
				43F1E1121D076C4500C329A2 /* NightscoutService.swift in Sources */,
				43647C0F1BFF6435004389F9 /* ComplicationController.swift in Sources */,
				43794F4F1C343B9800DB8B58 /* UserDefaultsRepository.swift in Sources */,
				43F1E10B1D076B1D00C329A2 /* BloodSugar.swift in Sources */,
				43794F4D1C34248500DB8B58 /* InfoInterfaceController.swift in Sources */,
				432E62E11D10AF3900DD7978 /* Units.swift in Sources */,
				43647C0B1BFF6435004389F9 /* ExtensionDelegate.swift in Sources */,
				43647C091BFF6435004389F9 /* InterfaceController.swift in Sources */,
				43794F461C303E4200DB8B58 /* NightscoutDataRepository.swift in Sources */,
				43119B881C383CF500DD6D35 /* UIColorChanger.swift in Sources */,
				43288A681D1B359D00EE3999 /* StringExtension.swift in Sources */,
				438066FE1D21C2350021B618 /* AppMessageService.swift in Sources */,
				43794F421C2F435A00DB8B58 /* AppConstants.swift in Sources */,
				439C39181C0E002F00D89872 /* ChartPainter.swift in Sources */,
			);
			runOnlyForDeploymentPostprocessing = 0;
		};
/* End PBXSourcesBuildPhase section */

/* Begin PBXTargetDependency section */
		43647BE01BFF6435004389F9 /* PBXTargetDependency */ = {
			isa = PBXTargetDependency;
			target = 43647BC91BFF6435004389F9 /* nightguard */;
			targetProxy = 43647BDF1BFF6435004389F9 /* PBXContainerItemProxy */;
		};
		43647BEB1BFF6435004389F9 /* PBXTargetDependency */ = {
			isa = PBXTargetDependency;
			target = 43647BC91BFF6435004389F9 /* nightguard */;
			targetProxy = 43647BEA1BFF6435004389F9 /* PBXContainerItemProxy */;
		};
		43647BF51BFF6435004389F9 /* PBXTargetDependency */ = {
			isa = PBXTargetDependency;
			target = 43647BF11BFF6435004389F9 /* nightguard WatchKit App */;
			targetProxy = 43647BF41BFF6435004389F9 /* PBXContainerItemProxy */;
		};
		43647C041BFF6435004389F9 /* PBXTargetDependency */ = {
			isa = PBXTargetDependency;
			target = 43647C001BFF6435004389F9 /* nightguard WatchKit Extension */;
			targetProxy = 43647C031BFF6435004389F9 /* PBXContainerItemProxy */;
		};
/* End PBXTargetDependency section */

/* Begin PBXVariantGroup section */
		43647BD11BFF6435004389F9 /* Main.storyboard */ = {
			isa = PBXVariantGroup;
			children = (
				43647BD21BFF6435004389F9 /* Base */,
			);
			name = Main.storyboard;
			sourceTree = "<group>";
		};
		43647BD61BFF6435004389F9 /* LaunchScreen.storyboard */ = {
			isa = PBXVariantGroup;
			children = (
				43647BD71BFF6435004389F9 /* Base */,
			);
			name = LaunchScreen.storyboard;
			sourceTree = "<group>";
		};
		43647BF71BFF6435004389F9 /* Interface.storyboard */ = {
			isa = PBXVariantGroup;
			children = (
				43647BF81BFF6435004389F9 /* Base */,
			);
			name = Interface.storyboard;
			sourceTree = "<group>";
		};
/* End PBXVariantGroup section */

/* Begin XCBuildConfiguration section */
		43647C131BFF6435004389F9 /* Debug */ = {
			isa = XCBuildConfiguration;
			buildSettings = {
				ALWAYS_SEARCH_USER_PATHS = NO;
				CLANG_CXX_LANGUAGE_STANDARD = "gnu++0x";
				CLANG_CXX_LIBRARY = "libc++";
				CLANG_ENABLE_MODULES = YES;
				CLANG_ENABLE_OBJC_ARC = YES;
				CLANG_WARN_BLOCK_CAPTURE_AUTORELEASING = YES;
				CLANG_WARN_BOOL_CONVERSION = YES;
				CLANG_WARN_COMMA = YES;
				CLANG_WARN_CONSTANT_CONVERSION = YES;
				CLANG_WARN_DIRECT_OBJC_ISA_USAGE = YES_ERROR;
				CLANG_WARN_EMPTY_BODY = YES;
				CLANG_WARN_ENUM_CONVERSION = YES;
				CLANG_WARN_INFINITE_RECURSION = YES;
				CLANG_WARN_INT_CONVERSION = YES;
				CLANG_WARN_NON_LITERAL_NULL_CONVERSION = YES;
				CLANG_WARN_OBJC_LITERAL_CONVERSION = YES;
				CLANG_WARN_OBJC_ROOT_CLASS = YES_ERROR;
				CLANG_WARN_RANGE_LOOP_ANALYSIS = YES;
				CLANG_WARN_STRICT_PROTOTYPES = YES;
				CLANG_WARN_SUSPICIOUS_MOVE = YES;
				CLANG_WARN_UNREACHABLE_CODE = YES;
				CLANG_WARN__DUPLICATE_METHOD_MATCH = YES;
				"CODE_SIGN_IDENTITY[sdk=iphoneos*]" = "iPhone Developer";
				COPY_PHASE_STRIP = NO;
				DEBUG_INFORMATION_FORMAT = dwarf;
				ENABLE_STRICT_OBJC_MSGSEND = YES;
				ENABLE_TESTABILITY = YES;
				GCC_C_LANGUAGE_STANDARD = gnu99;
				GCC_DYNAMIC_NO_PIC = NO;
				GCC_NO_COMMON_BLOCKS = YES;
				GCC_OPTIMIZATION_LEVEL = 0;
				GCC_PREPROCESSOR_DEFINITIONS = (
					"DEBUG=1",
					"$(inherited)",
				);
				GCC_WARN_64_TO_32_BIT_CONVERSION = YES;
				GCC_WARN_ABOUT_RETURN_TYPE = YES_ERROR;
				GCC_WARN_UNDECLARED_SELECTOR = YES;
				GCC_WARN_UNINITIALIZED_AUTOS = YES_AGGRESSIVE;
				GCC_WARN_UNUSED_FUNCTION = YES;
				GCC_WARN_UNUSED_VARIABLE = YES;
				IPHONEOS_DEPLOYMENT_TARGET = 9.1;
				MTL_ENABLE_DEBUG_INFO = YES;
				ONLY_ACTIVE_ARCH = YES;
				SDKROOT = iphoneos;
				SWIFT_OPTIMIZATION_LEVEL = "-Onone";
			};
			name = Debug;
		};
		43647C141BFF6435004389F9 /* Release */ = {
			isa = XCBuildConfiguration;
			buildSettings = {
				ALWAYS_SEARCH_USER_PATHS = NO;
				CLANG_CXX_LANGUAGE_STANDARD = "gnu++0x";
				CLANG_CXX_LIBRARY = "libc++";
				CLANG_ENABLE_MODULES = YES;
				CLANG_ENABLE_OBJC_ARC = YES;
				CLANG_WARN_BLOCK_CAPTURE_AUTORELEASING = YES;
				CLANG_WARN_BOOL_CONVERSION = YES;
				CLANG_WARN_COMMA = YES;
				CLANG_WARN_CONSTANT_CONVERSION = YES;
				CLANG_WARN_DIRECT_OBJC_ISA_USAGE = YES_ERROR;
				CLANG_WARN_EMPTY_BODY = YES;
				CLANG_WARN_ENUM_CONVERSION = YES;
				CLANG_WARN_INFINITE_RECURSION = YES;
				CLANG_WARN_INT_CONVERSION = YES;
				CLANG_WARN_NON_LITERAL_NULL_CONVERSION = YES;
				CLANG_WARN_OBJC_LITERAL_CONVERSION = YES;
				CLANG_WARN_OBJC_ROOT_CLASS = YES_ERROR;
				CLANG_WARN_RANGE_LOOP_ANALYSIS = YES;
				CLANG_WARN_STRICT_PROTOTYPES = YES;
				CLANG_WARN_SUSPICIOUS_MOVE = YES;
				CLANG_WARN_UNREACHABLE_CODE = YES;
				CLANG_WARN__DUPLICATE_METHOD_MATCH = YES;
				"CODE_SIGN_IDENTITY[sdk=iphoneos*]" = "iPhone Developer";
				COPY_PHASE_STRIP = NO;
				DEBUG_INFORMATION_FORMAT = "dwarf-with-dsym";
				ENABLE_NS_ASSERTIONS = NO;
				ENABLE_STRICT_OBJC_MSGSEND = YES;
				GCC_C_LANGUAGE_STANDARD = gnu99;
				GCC_NO_COMMON_BLOCKS = YES;
				GCC_WARN_64_TO_32_BIT_CONVERSION = YES;
				GCC_WARN_ABOUT_RETURN_TYPE = YES_ERROR;
				GCC_WARN_UNDECLARED_SELECTOR = YES;
				GCC_WARN_UNINITIALIZED_AUTOS = YES_AGGRESSIVE;
				GCC_WARN_UNUSED_FUNCTION = YES;
				GCC_WARN_UNUSED_VARIABLE = YES;
				IPHONEOS_DEPLOYMENT_TARGET = 9.1;
				MTL_ENABLE_DEBUG_INFO = NO;
				SDKROOT = iphoneos;
				SWIFT_OPTIMIZATION_LEVEL = "-Owholemodule";
				VALIDATE_PRODUCT = YES;
			};
			name = Release;
		};
		43647C161BFF6435004389F9 /* Debug */ = {
			isa = XCBuildConfiguration;
			buildSettings = {
				ASSETCATALOG_COMPILER_COMPLICATION_NAME = Complication;
				CODE_SIGN_ENTITLEMENTS = "nightguard WatchKit Extension/scoutwatch WatchKit Extension.entitlements";
				CODE_SIGN_IDENTITY = "iPhone Developer";
				"CODE_SIGN_IDENTITY[sdk=watchos*]" = "iPhone Developer";
				INFOPLIST_FILE = "nightguard WatchKit Extension/Info.plist";
				LD_RUNPATH_SEARCH_PATHS = "$(inherited) @executable_path/Frameworks @executable_path/../../Frameworks";
				PRODUCT_BUNDLE_IDENTIFIER = "de.my-wan.dhe.nightguard.watchkitapp.watchkitextension";
				PRODUCT_NAME = nightguard;
				PROVISIONING_PROFILE = "";
				SDKROOT = watchos;
				SKIP_INSTALL = YES;
				SWIFT_VERSION = 3.0;
				TARGETED_DEVICE_FAMILY = 4;
				WATCHOS_DEPLOYMENT_TARGET = 2.0;
			};
			name = Debug;
		};
		43647C171BFF6435004389F9 /* Release */ = {
			isa = XCBuildConfiguration;
			buildSettings = {
				ASSETCATALOG_COMPILER_COMPLICATION_NAME = Complication;
				CODE_SIGN_ENTITLEMENTS = "nightguard WatchKit Extension/scoutwatch WatchKit Extension.entitlements";
				CODE_SIGN_IDENTITY = "iPhone Developer";
				"CODE_SIGN_IDENTITY[sdk=watchos*]" = "iPhone Developer";
				INFOPLIST_FILE = "nightguard WatchKit Extension/Info.plist";
				LD_RUNPATH_SEARCH_PATHS = "$(inherited) @executable_path/Frameworks @executable_path/../../Frameworks";
				PRODUCT_BUNDLE_IDENTIFIER = "de.my-wan.dhe.nightguard.watchkitapp.watchkitextension";
				PRODUCT_NAME = nightguard;
				PROVISIONING_PROFILE = "";
				SDKROOT = watchos;
				SKIP_INSTALL = YES;
				SWIFT_VERSION = 3.0;
				TARGETED_DEVICE_FAMILY = 4;
				WATCHOS_DEPLOYMENT_TARGET = 2.0;
			};
			name = Release;
		};
		43647C1A1BFF6435004389F9 /* Debug */ = {
			isa = XCBuildConfiguration;
			buildSettings = {
				ALWAYS_EMBED_SWIFT_STANDARD_LIBRARIES = YES;
				ASSETCATALOG_COMPILER_APPICON_NAME = AppIcon;
				CODE_SIGN_IDENTITY = "iPhone Developer";
				IBSC_MODULE = scoutwatch_WatchKit_Extension;
				INFOPLIST_FILE = "nightguard WatchKit App/Info.plist";
				PRODUCT_BUNDLE_IDENTIFIER = "de.my-wan.dhe.nightguard.watchkitapp";
				PRODUCT_NAME = nightguard;
				SDKROOT = watchos;
				SKIP_INSTALL = YES;
				SWIFT_VERSION = 3.0;
				TARGETED_DEVICE_FAMILY = 4;
				WATCHOS_DEPLOYMENT_TARGET = 2.0;
			};
			name = Debug;
		};
		43647C1B1BFF6435004389F9 /* Release */ = {
			isa = XCBuildConfiguration;
			buildSettings = {
				ALWAYS_EMBED_SWIFT_STANDARD_LIBRARIES = YES;
				ASSETCATALOG_COMPILER_APPICON_NAME = AppIcon;
				CODE_SIGN_IDENTITY = "iPhone Developer";
				IBSC_MODULE = scoutwatch_WatchKit_Extension;
				INFOPLIST_FILE = "nightguard WatchKit App/Info.plist";
				PRODUCT_BUNDLE_IDENTIFIER = "de.my-wan.dhe.nightguard.watchkitapp";
				PRODUCT_NAME = nightguard;
				SDKROOT = watchos;
				SKIP_INSTALL = YES;
				SWIFT_VERSION = 3.0;
				TARGETED_DEVICE_FAMILY = 4;
				WATCHOS_DEPLOYMENT_TARGET = 2.0;
			};
			name = Release;
		};
		43647C1E1BFF6435004389F9 /* Debug */ = {
			isa = XCBuildConfiguration;
			buildSettings = {
				ASSETCATALOG_COMPILER_APPICON_NAME = AppIcon;
				CODE_SIGN_ENTITLEMENTS = nightguard/scoutwatch.entitlements;
				CODE_SIGN_IDENTITY = "iPhone Developer";
				"CODE_SIGN_IDENTITY[sdk=iphoneos*]" = "iPhone Developer";
				ENABLE_BITCODE = YES;
				INFOPLIST_FILE = nightguard/Info.plist;
				LD_RUNPATH_SEARCH_PATHS = "$(inherited) @executable_path/Frameworks";
				PRODUCT_BUNDLE_IDENTIFIER = "de.my-wan.dhe.nightguard";
				PRODUCT_NAME = nightguard;
				PROVISIONING_PROFILE = "";
				SWIFT_VERSION = 3.0;
				TARGETED_DEVICE_FAMILY = "1,2";
			};
			name = Debug;
		};
		43647C1F1BFF6435004389F9 /* Release */ = {
			isa = XCBuildConfiguration;
			buildSettings = {
				ASSETCATALOG_COMPILER_APPICON_NAME = AppIcon;
				CODE_SIGN_ENTITLEMENTS = nightguard/scoutwatch.entitlements;
				CODE_SIGN_IDENTITY = "iPhone Developer";
				"CODE_SIGN_IDENTITY[sdk=iphoneos*]" = "iPhone Developer";
				ENABLE_BITCODE = YES;
				INFOPLIST_FILE = nightguard/Info.plist;
				LD_RUNPATH_SEARCH_PATHS = "$(inherited) @executable_path/Frameworks";
				PRODUCT_BUNDLE_IDENTIFIER = "de.my-wan.dhe.nightguard";
				PRODUCT_NAME = nightguard;
				PROVISIONING_PROFILE = "";
				SWIFT_VERSION = 3.0;
				TARGETED_DEVICE_FAMILY = "1,2";
			};
			name = Release;
		};
		43647C211BFF6435004389F9 /* Debug */ = {
			isa = XCBuildConfiguration;
			buildSettings = {
				BUNDLE_LOADER = "$(TEST_HOST)";
				INFOPLIST_FILE = nightguardTests/Info.plist;
				LD_RUNPATH_SEARCH_PATHS = "$(inherited) @executable_path/Frameworks @loader_path/Frameworks";
				PRODUCT_BUNDLE_IDENTIFIER = "de.my-wan.dhe.nightguardTests";
				PRODUCT_NAME = nightguard;
				SWIFT_VERSION = 3.0;
				TEST_HOST = "$(BUILT_PRODUCTS_DIR)/nightguard.app/nightguard";
			};
			name = Debug;
		};
		43647C221BFF6435004389F9 /* Release */ = {
			isa = XCBuildConfiguration;
			buildSettings = {
				BUNDLE_LOADER = "$(TEST_HOST)";
				INFOPLIST_FILE = nightguardTests/Info.plist;
				LD_RUNPATH_SEARCH_PATHS = "$(inherited) @executable_path/Frameworks @loader_path/Frameworks";
				PRODUCT_BUNDLE_IDENTIFIER = "de.my-wan.dhe.nightguardTests";
				PRODUCT_NAME = nightguard;
				SWIFT_VERSION = 3.0;
				TEST_HOST = "$(BUILT_PRODUCTS_DIR)/nightguard.app/nightguard";
			};
			name = Release;
		};
		43647C241BFF6435004389F9 /* Debug */ = {
			isa = XCBuildConfiguration;
			buildSettings = {
				INFOPLIST_FILE = nightguardUITests/Info.plist;
				LD_RUNPATH_SEARCH_PATHS = "$(inherited) @executable_path/Frameworks @loader_path/Frameworks";
				PRODUCT_BUNDLE_IDENTIFIER = "de.my-wan.dhe.nightguardUITests";
				PRODUCT_NAME = nightguard;
				SWIFT_VERSION = 3.0;
				TEST_TARGET_NAME = nightguard;
				USES_XCTRUNNER = YES;
			};
			name = Debug;
		};
		43647C251BFF6435004389F9 /* Release */ = {
			isa = XCBuildConfiguration;
			buildSettings = {
				INFOPLIST_FILE = nightguardUITests/Info.plist;
				LD_RUNPATH_SEARCH_PATHS = "$(inherited) @executable_path/Frameworks @loader_path/Frameworks";
				PRODUCT_BUNDLE_IDENTIFIER = "de.my-wan.dhe.nightguardUITests";
				PRODUCT_NAME = nightguard;
				SWIFT_VERSION = 3.0;
				TEST_TARGET_NAME = nightguard;
				USES_XCTRUNNER = YES;
			};
			name = Release;
		};
/* End XCBuildConfiguration section */

/* Begin XCConfigurationList section */
		43647BC51BFF6435004389F9 /* Build configuration list for PBXProject "nightguard" */ = {
			isa = XCConfigurationList;
			buildConfigurations = (
				43647C131BFF6435004389F9 /* Debug */,
				43647C141BFF6435004389F9 /* Release */,
			);
			defaultConfigurationIsVisible = 0;
			defaultConfigurationName = Release;
		};
		43647C151BFF6435004389F9 /* Build configuration list for PBXNativeTarget "nightguard WatchKit Extension" */ = {
			isa = XCConfigurationList;
			buildConfigurations = (
				43647C161BFF6435004389F9 /* Debug */,
				43647C171BFF6435004389F9 /* Release */,
			);
			defaultConfigurationIsVisible = 0;
			defaultConfigurationName = Release;
		};
		43647C191BFF6435004389F9 /* Build configuration list for PBXNativeTarget "nightguard WatchKit App" */ = {
			isa = XCConfigurationList;
			buildConfigurations = (
				43647C1A1BFF6435004389F9 /* Debug */,
				43647C1B1BFF6435004389F9 /* Release */,
			);
			defaultConfigurationIsVisible = 0;
			defaultConfigurationName = Release;
		};
		43647C1D1BFF6435004389F9 /* Build configuration list for PBXNativeTarget "nightguard" */ = {
			isa = XCConfigurationList;
			buildConfigurations = (
				43647C1E1BFF6435004389F9 /* Debug */,
				43647C1F1BFF6435004389F9 /* Release */,
			);
			defaultConfigurationIsVisible = 0;
			defaultConfigurationName = Release;
		};
		43647C201BFF6435004389F9 /* Build configuration list for PBXNativeTarget "nightguardTests" */ = {
			isa = XCConfigurationList;
			buildConfigurations = (
				43647C211BFF6435004389F9 /* Debug */,
				43647C221BFF6435004389F9 /* Release */,
			);
			defaultConfigurationIsVisible = 0;
			defaultConfigurationName = Release;
		};
		43647C231BFF6435004389F9 /* Build configuration list for PBXNativeTarget "nightguardUITests" */ = {
			isa = XCConfigurationList;
			buildConfigurations = (
				43647C241BFF6435004389F9 /* Debug */,
				43647C251BFF6435004389F9 /* Release */,
			);
			defaultConfigurationIsVisible = 0;
			defaultConfigurationName = Release;
		};
/* End XCConfigurationList section */
	};
	rootObject = 43647BC21BFF6435004389F9 /* Project object */;
}
